
Microsoft Visual Studio Solution File, Format Version 12.00
# Visual Studio Version 17
VisualStudioVersion = 17.4.33110.190
MinimumVisualStudioVersion = 10.0.40219.1
Project("{FAE04EC0-301F-11D3-BF4B-00C04F79EFBC}") = "CadastroFaculdade", "CadastroFaculdade\CadastroFaculdade.csproj", "{E373AF38-395B-48EB-A3B4-095469FC7B22}"
EndProject
Global
	GlobalSection(SolutionConfigurationPlatforms) = preSolution
		Debug|Any CPU = Debug|Any CPU
		Release|Any CPU = Release|Any CPU
	EndGlobalSection
	GlobalSection(ProjectConfigurationPlatforms) = postSolution
		{E373AF38-395B-48EB-A3B4-095469FC7B22}.Debug|Any CPU.ActiveCfg = Debug|Any CPU
		{E373AF38-395B-48EB-A3B4-095469FC7B22}.Debug|Any CPU.Build.0 = Debug|Any CPU
		{E373AF38-395B-48EB-A3B4-095469FC7B22}.Release|Any CPU.ActiveCfg = Release|Any CPU
		{E373AF38-395B-48EB-A3B4-095469FC7B22}.Release|Any CPU.Build.0 = Release|Any CPU
	EndGlobalSection
	GlobalSection(SolutionProperties) = preSolution
		HideSolutionNode = FALSE
	EndGlobalSection
	GlobalSection(ExtensibilityGlobals) = postSolution
		SolutionGuid = {6674668D-3834-4EB9-B7C0-1F47FA8D0822}
	EndGlobalSection
EndGlobal
